
Microsoft Visual Studio Solution File, Format Version 12.00
# Visual Studio 15
VisualStudioVersion = 15.0.27703.2018
MinimumVisualStudioVersion = 10.0.40219.1
Project("{2150E333-8FDC-42A3-9474-1A3956D46DE8}") = "Solution Items", "Solution Items", "{EA15AFF9-2029-4D23-8F0C-FD0476394B0B}"
	ProjectSection(SolutionItems) = preProject
		README.md = README.md
		uhttpsharp.dll.nuspec = uhttpsharp.dll.nuspec
	EndProjectSection
EndProject
Project("{2150E333-8FDC-42A3-9474-1A3956D46DE8}") = ".nuget", ".nuget", "{EEE3A8EB-CBA2-4590-B856-F6EF95FD6113}"
	ProjectSection(SolutionItems) = preProject
		.nuget\NuGet.Config = .nuget\NuGet.Config
		.nuget\NuGet.exe = .nuget\NuGet.exe
		.nuget\NuGet.targets = .nuget\NuGet.targets
	EndProjectSection
EndProject
Project("{9A19103F-16F7-4668-BE54-9A1E7A4F7556}") = "uhttpsharp", "uhttpsharp\uhttpsharp.csproj", "{C1CC4311-A035-42DD-A2D6-AA5FF36664DE}"
EndProject
Global
	GlobalSection(SolutionConfigurationPlatforms) = preSolution
		Debug|Any CPU = Debug|Any CPU
		Debug|Mixed Platforms = Debug|Mixed Platforms
		Debug|x86 = Debug|x86
		Release|Any CPU = Release|Any CPU
		Release|Mixed Platforms = Release|Mixed Platforms
		Release|x86 = Release|x86
	EndGlobalSection
	GlobalSection(ProjectConfigurationPlatforms) = postSolution
		{C1CC4311-A035-42DD-A2D6-AA5FF36664DE}.Debug|Any CPU.ActiveCfg = Debug|Any CPU
		{C1CC4311-A035-42DD-A2D6-AA5FF36664DE}.Debug|Any CPU.Build.0 = Debug|Any CPU
		{C1CC4311-A035-42DD-A2D6-AA5FF36664DE}.Debug|Mixed Platforms.ActiveCfg = Debug|Any CPU
		{C1CC4311-A035-42DD-A2D6-AA5FF36664DE}.Debug|Mixed Platforms.Build.0 = Debug|Any CPU
		{C1CC4311-A035-42DD-A2D6-AA5FF36664DE}.Debug|x86.ActiveCfg = Debug|Any CPU
		{C1CC4311-A035-42DD-A2D6-AA5FF36664DE}.Debug|x86.Build.0 = Debug|Any CPU
		{C1CC4311-A035-42DD-A2D6-AA5FF36664DE}.Release|Any CPU.ActiveCfg = Release|Any CPU
		{C1CC4311-A035-42DD-A2D6-AA5FF36664DE}.Release|Any CPU.Build.0 = Release|Any CPU
		{C1CC4311-A035-42DD-A2D6-AA5FF36664DE}.Release|Mixed Platforms.ActiveCfg = Release|Any CPU
		{C1CC4311-A035-42DD-A2D6-AA5FF36664DE}.Release|Mixed Platforms.Build.0 = Release|Any CPU
		{C1CC4311-A035-42DD-A2D6-AA5FF36664DE}.Release|x86.ActiveCfg = Release|Any CPU
		{C1CC4311-A035-42DD-A2D6-AA5FF36664DE}.Release|x86.Build.0 = Release|Any CPU
	EndGlobalSection
	GlobalSection(SolutionProperties) = preSolution
		HideSolutionNode = FALSE
	EndGlobalSection
	GlobalSection(ExtensibilityGlobals) = postSolution
		SolutionGuid = {C8BF842E-D02D-4EFC-88F0-493A24572675}
	EndGlobalSection
	GlobalSection(MonoDevelopProperties) = preSolution
		StartupItem = uhttpsharp-demo\uhttpsharp.Demo.csproj
	EndGlobalSection
EndGlobal
